
Microsoft Visual Studio Solution File, Format Version 12.00
# Visual Studio Version 16
VisualStudioVersion = 16.0.30907.101
MinimumVisualStudioVersion = 10.0.40219.1
Project("{2150E333-8FDC-42A3-9474-1A3956D46DE8}") = "Services", "Services", "{C9EEFBA3-2CDB-461D-87EA-90514AEAE439}"
EndProject
Project("{2150E333-8FDC-42A3-9474-1A3956D46DE8}") = "Catalog", "Catalog", "{AF4FBEB4-557C-4D0F-A9C4-3A5FE50AE802}"
EndProject
Project("{9A19103F-16F7-4668-BE54-9A1E7A4F7556}") = "Catalog.API", "Services\Catalog\Catalog.API\Catalog.API.csproj", "{64834A61-3445-4CBE-BBA2-264017F15553}"
EndProject
Project("{E53339B2-1760-4266-BCC7-CA923CBCF16C}") = "docker-compose", "docker-compose.dcproj", "{1B51D719-E216-4E72-9143-268B3CCD9451}"
EndProject
Project("{2150E333-8FDC-42A3-9474-1A3956D46DE8}") = "Basket", "Basket", "{B19E23BD-761B-4513-B76E-06174F802C76}"
EndProject
Project("{FAE04EC0-301F-11D3-BF4B-00C04F79EFBC}") = "Basket.API", "Services\Basket\Basket.API\Basket.API.csproj", "{F05F3672-0150-4BD5-95EC-D87673F36C91}"
EndProject
Project("{2150E333-8FDC-42A3-9474-1A3956D46DE8}") = "Discount", "Discount", "{5FE5AE18-2C6B-42EF-924F-001B2C5C4700}"
EndProject
Project("{FAE04EC0-301F-11D3-BF4B-00C04F79EFBC}") = "Discount.API", "Services\Discount\Discount.API\Discount.API.csproj", "{EEA78B5E-5648-4774-AFDB-7EB8C3C52160}"
EndProject
Global
	GlobalSection(SolutionConfigurationPlatforms) = preSolution
		Debug|Any CPU = Debug|Any CPU
		Release|Any CPU = Release|Any CPU
	EndGlobalSection
	GlobalSection(ProjectConfigurationPlatforms) = postSolution
		{64834A61-3445-4CBE-BBA2-264017F15553}.Debug|Any CPU.ActiveCfg = Debug|Any CPU
		{64834A61-3445-4CBE-BBA2-264017F15553}.Debug|Any CPU.Build.0 = Debug|Any CPU
		{64834A61-3445-4CBE-BBA2-264017F15553}.Release|Any CPU.ActiveCfg = Release|Any CPU
		{64834A61-3445-4CBE-BBA2-264017F15553}.Release|Any CPU.Build.0 = Release|Any CPU
		{1B51D719-E216-4E72-9143-268B3CCD9451}.Debug|Any CPU.ActiveCfg = Debug|Any CPU
		{1B51D719-E216-4E72-9143-268B3CCD9451}.Debug|Any CPU.Build.0 = Debug|Any CPU
		{1B51D719-E216-4E72-9143-268B3CCD9451}.Release|Any CPU.ActiveCfg = Release|Any CPU
		{1B51D719-E216-4E72-9143-268B3CCD9451}.Release|Any CPU.Build.0 = Release|Any CPU
		{F05F3672-0150-4BD5-95EC-D87673F36C91}.Debug|Any CPU.ActiveCfg = Debug|Any CPU
		{F05F3672-0150-4BD5-95EC-D87673F36C91}.Debug|Any CPU.Build.0 = Debug|Any CPU
		{F05F3672-0150-4BD5-95EC-D87673F36C91}.Release|Any CPU.ActiveCfg = Release|Any CPU
		{F05F3672-0150-4BD5-95EC-D87673F36C91}.Release|Any CPU.Build.0 = Release|Any CPU
		{EEA78B5E-5648-4774-AFDB-7EB8C3C52160}.Debug|Any CPU.ActiveCfg = Debug|Any CPU
		{EEA78B5E-5648-4774-AFDB-7EB8C3C52160}.Debug|Any CPU.Build.0 = Debug|Any CPU
		{EEA78B5E-5648-4774-AFDB-7EB8C3C52160}.Release|Any CPU.ActiveCfg = Release|Any CPU
		{EEA78B5E-5648-4774-AFDB-7EB8C3C52160}.Release|Any CPU.Build.0 = Release|Any CPU
	EndGlobalSection
	GlobalSection(SolutionProperties) = preSolution
		HideSolutionNode = FALSE
	EndGlobalSection
	GlobalSection(NestedProjects) = preSolution
		{AF4FBEB4-557C-4D0F-A9C4-3A5FE50AE802} = {C9EEFBA3-2CDB-461D-87EA-90514AEAE439}
		{64834A61-3445-4CBE-BBA2-264017F15553} = {AF4FBEB4-557C-4D0F-A9C4-3A5FE50AE802}
		{B19E23BD-761B-4513-B76E-06174F802C76} = {C9EEFBA3-2CDB-461D-87EA-90514AEAE439}
		{F05F3672-0150-4BD5-95EC-D87673F36C91} = {B19E23BD-761B-4513-B76E-06174F802C76}
		{5FE5AE18-2C6B-42EF-924F-001B2C5C4700} = {C9EEFBA3-2CDB-461D-87EA-90514AEAE439}
		{EEA78B5E-5648-4774-AFDB-7EB8C3C52160} = {5FE5AE18-2C6B-42EF-924F-001B2C5C4700}
	EndGlobalSection
	GlobalSection(ExtensibilityGlobals) = postSolution
		SolutionGuid = {06EAF8FD-6D47-4A55-A9A3-C1F2420EBD25}
	EndGlobalSection
EndGlobal
